
Microsoft Visual Studio Solution File, Format Version 12.00
# Visual Studio Version 16
VisualStudioVersion = 16.0.30320.27
MinimumVisualStudioVersion = 10.0.40219.1
Project("{9A19103F-16F7-4668-BE54-9A1E7A4F7556}") = "Server", "Server\Server.csproj", "{EA1BA0F8-1812-4ECC-A730-EA7B58AE26BC}"
EndProject
Global
	GlobalSection(SolutionConfigurationPlatforms) = preSolution
		Debug|Any CPU = Debug|Any CPU
		Release|Any CPU = Release|Any CPU
	EndGlobalSection
	GlobalSection(ProjectConfigurationPlatforms) = postSolution
		{EA1BA0F8-1812-4ECC-A730-EA7B58AE26BC}.Debug|Any CPU.ActiveCfg = Debug|Any CPU
		{EA1BA0F8-1812-4ECC-A730-EA7B58AE26BC}.Debug|Any CPU.Build.0 = Debug|Any CPU
		{EA1BA0F8-1812-4ECC-A730-EA7B58AE26BC}.Release|Any CPU.ActiveCfg = Release|Any CPU
		{EA1BA0F8-1812-4ECC-A730-EA7B58AE26BC}.Release|Any CPU.Build.0 = Release|Any CPU
	EndGlobalSection
	GlobalSection(SolutionProperties) = preSolution
		HideSolutionNode = FALSE
	EndGlobalSection
	GlobalSection(ExtensibilityGlobals) = postSolution
		SolutionGuid = {556F0FCE-A6C4-4063-A6BE-3F1C6A276925}
	EndGlobalSection
EndGlobal
